lockfileVersion: '6.0'

settings:
  autoInstallPeers: true
  excludeLinksFromLockfile: false

dependencies:
  dayjs:
    specifier: ^1.11.10
    version: 1.11.10

devDependencies:
  '@axe-core/playwright':
    specifier: ^4.8.1
    version: 4.8.2(playwright-core@1.40.1)
  '@playwright/test':
    specifier: ^1.39.0
    version: 1.40.1
  '@types/node':
    specifier: ^20.8.9
    version: 20.10.4
  dotenv:
    specifier: ^16.3.1
    version: 16.3.1
  playwright:
    specifier: ^1.39.0
    version: 1.40.1

packages:

  /@axe-core/playwright@4.8.2(playwright-core@1.40.1):
    resolution: {integrity: sha512-9KOhX2tNuvqn9DzpBNyqoqNKRZBrexeSiN9irQ0sEdq8zH13JnatepCJxobuXn4UopNy6iIpP4342beMiH+MSQ==}
    peerDependencies:
      playwright-core: '>= 1.0.0'
    dependencies:
      axe-core: 4.8.2
      playwright-core: 1.40.1
    dev: true

  /@playwright/test@1.40.1:
    resolution: {integrity: sha512-EaaawMTOeEItCRvfmkI9v6rBkF1svM8wjl/YPRrg2N2Wmp+4qJYkWtJsbew1szfKKDm6fPLy4YAanBhIlf9dWw==}
    engines: {node: '>=16'}
    hasBin: true
    dependencies:
      playwright: 1.40.1
    dev: true

  /@types/node@20.10.4:
    resolution: {integrity: sha512-D08YG6rr8X90YB56tSIuBaddy/UXAA9RKJoFvrsnogAum/0pmjkgi4+2nx96A330FmioegBWmEYQ+syqCFaveg==}
    dependencies:
      undici-types: 5.26.5
    dev: true

  /axe-core@4.8.2:
    resolution: {integrity: sha512-/dlp0fxyM3R8YW7MFzaHWXrf4zzbr0vaYb23VBFCl83R7nWNPg/yaQw2Dc8jzCMmDVLhSdzH8MjrsuIUuvX+6g==}
    engines: {node: '>=4'}
    dev: true

  /dayjs@1.11.10:
    resolution: {integrity: sha512-vjAczensTgRcqDERK0SR2XMwsF/tSvnvlv6VcF2GIhg6Sx4yOIt/irsr1RDJsKiIyBzJDpCoXiWWq28MqH2cnQ==}
    dev: false

  /dotenv@16.3.1:
    resolution: {integrity: sha512-IPzF4w4/Rd94bA9imS68tZBaYyBWSCE47V1RGuMrB94iyTOIEwRmVL2x/4An+6mETpLrKJ5hQkB8W4kFAadeIQ==}
    engines: {node: '>=12'}
    dev: true

  /fsevents@2.3.2:
    resolution: {integrity: sha512-xiqMQR4xAeHTuB9uWm+fFRcIOgKBMiOBP+eXiyT7jsgVCq1bkVygt00oASowB7EdtpOHaaPgKt812P9ab+DDKA==}
    engines: {node: ^8.16.0 || ^10.6.0 || >=11.0.0}
    os: [darwin]
    requiresBuild: true
    dev: true
    optional: true

  /playwright-core@1.40.1:
    resolution: {integrity: sha512-+hkOycxPiV534c4HhpfX6yrlawqVUzITRKwHAmYfmsVreltEl6fAZJ3DPfLMOODw0H3s1Itd6MDCWmP1fl/QvQ==}
    engines: {node: '>=16'}
    hasBin: true
    dev: true

  /playwright@1.40.1:
    resolution: {integrity: sha512-2eHI7IioIpQ0bS1Ovg/HszsN/XKNwEG1kbzSDDmADpclKc7CyqkHw7Mg2JCz/bbCxg25QUPcjksoMW7JcIFQmw==}
    engines: {node: '>=16'}
    hasBin: true
    dependencies:
      playwright-core: 1.40.1
    optionalDependencies:
      fsevents: 2.3.2
    dev: true

  /undici-types@5.26.5:
    resolution: {integrity: sha512-JlCMO+ehdEIKqlFxk6IfVoAUVmgz7cU7zD/h9XZ0qzeosSHmUJVOzSQvvYSYWXkFXC+IfLKSIffhv0sVZup6pA==}
    dev: true
